
Microsoft Visual Studio Solution File, Format Version 12.00
# Visual Studio Version 16
VisualStudioVersion = 16.0.30517.126
MinimumVisualStudioVersion = 10.0.40219.1
Project("{FAE04EC0-301F-11D3-BF4B-00C04F79EFBC}") = "ELibraryManagement", "ELibraryManagement.csproj", "{06985342-09E7-4ACD-A1B4-14FCD2A01E2E}"
EndProject
Project("{2150E333-8FDC-42A3-9474-1A3956D46DE8}") = "Solution Items", "Solution Items", "{794E7EEC-3EBE-471E-893D-86F6D033B019}"
	ProjectSection(SolutionItems) = preProject
		.editorconfig = .editorconfig
	EndProjectSection
EndProject
Global
	GlobalSection(SolutionConfigurationPlatforms) = preSolution
		Debug|Any CPU = Debug|Any CPU
		Release|Any CPU = Release|Any CPU
	EndGlobalSection
	GlobalSection(ProjectConfigurationPlatforms) = postSolution
		{06985342-09E7-4ACD-A1B4-14FCD2A01E2E}.Debug|Any CPU.ActiveCfg = Debug|Any CPU
		{06985342-09E7-4ACD-A1B4-14FCD2A01E2E}.Debug|Any CPU.Build.0 = Debug|Any CPU
		{06985342-09E7-4ACD-A1B4-14FCD2A01E2E}.Release|Any CPU.ActiveCfg = Release|Any CPU
		{06985342-09E7-4ACD-A1B4-14FCD2A01E2E}.Release|Any CPU.Build.0 = Release|Any CPU
	EndGlobalSection
	GlobalSection(SolutionProperties) = preSolution
		HideSolutionNode = FALSE
	EndGlobalSection
	GlobalSection(ExtensibilityGlobals) = postSolution
		SolutionGuid = {08F6FB59-9566-43B6-BDDE-BF560E7872FE}
	EndGlobalSection
EndGlobal
